
Microsoft Visual Studio Solution File, Format Version 12.00
# Visual Studio Version 17
VisualStudioVersion = 17.0.31903.59
MinimumVisualStudioVersion = 10.0.40219.1
Project("{FAE04EC0-301F-11D3-BF4B-00C04F79EFBC}") = "ECommerceDemo.API", "ECommerceDemo.API\ECommerceDemo.API.csproj", "{86B4E1D6-FEFE-4C28-A178-A7F145768498}"
EndProject
Project("{FAE04EC0-301F-11D3-BF4B-00C04F79EFBC}") = "ECommerceDemo.Data", "ECommerceDemo.Data\ECommerceDemo.Data.csproj", "{86F0F642-B18D-4155-8797-B57FA0AE8185}"
EndProject
Project("{FAE04EC0-301F-11D3-BF4B-00C04F79EFBC}") = "ECommerceDemo.Models", "ECommerceDemo.Models\ECommerceDemo.Models.csproj", "{3B99FBBD-54E8-47BA-9712-F719AB3211D0}"
EndProject
Project("{FAE04EC0-301F-11D3-BF4B-00C04F79EFBC}") = "ECommerceDemo.Services", "ECommerceDemo.Services\ECommerceDemo.Services.csproj", "{B0927EBB-4FC1-4F36-A0DA-FA199684DCD3}"
EndProject
Project("{FAE04EC0-301F-11D3-BF4B-00C04F79EFBC}") = "ECommerceDemo.Tests", "ECommerceDemo.Tests\ECommerceDemo.Tests.csproj", "{29C4BC19-CF93-4B7A-A390-CA031E71060A}"
EndProject
Global
	GlobalSection(SolutionConfigurationPlatforms) = preSolution
		Debug|Any CPU = Debug|Any CPU
		Debug|x64 = Debug|x64
		Debug|x86 = Debug|x86
		Release|Any CPU = Release|Any CPU
		Release|x64 = Release|x64
		Release|x86 = Release|x86
	EndGlobalSection
	GlobalSection(ProjectConfigurationPlatforms) = postSolution
		{86B4E1D6-FEFE-4C28-A178-A7F145768498}.Debug|Any CPU.ActiveCfg = Debug|Any CPU
		{86B4E1D6-FEFE-4C28-A178-A7F145768498}.Debug|Any CPU.Build.0 = Debug|Any CPU
		{86B4E1D6-FEFE-4C28-A178-A7F145768498}.Debug|x64.ActiveCfg = Debug|Any CPU
		{86B4E1D6-FEFE-4C28-A178-A7F145768498}.Debug|x64.Build.0 = Debug|Any CPU
		{86B4E1D6-FEFE-4C28-A178-A7F145768498}.Debug|x86.ActiveCfg = Debug|Any CPU
		{86B4E1D6-FEFE-4C28-A178-A7F145768498}.Debug|x86.Build.0 = Debug|Any CPU
		{86B4E1D6-FEFE-4C28-A178-A7F145768498}.Release|Any CPU.ActiveCfg = Release|Any CPU
		{86B4E1D6-FEFE-4C28-A178-A7F145768498}.Release|Any CPU.Build.0 = Release|Any CPU
		{86B4E1D6-FEFE-4C28-A178-A7F145768498}.Release|x64.ActiveCfg = Release|Any CPU
		{86B4E1D6-FEFE-4C28-A178-A7F145768498}.Release|x64.Build.0 = Release|Any CPU
		{86B4E1D6-FEFE-4C28-A178-A7F145768498}.Release|x86.ActiveCfg = Release|Any CPU
		{86B4E1D6-FEFE-4C28-A178-A7F145768498}.Release|x86.Build.0 = Release|Any CPU
		{86F0F642-B18D-4155-8797-B57FA0AE8185}.Debug|Any CPU.ActiveCfg = Debug|Any CPU
		{86F0F642-B18D-4155-8797-B57FA0AE8185}.Debug|Any CPU.Build.0 = Debug|Any CPU
		{86F0F642-B18D-4155-8797-B57FA0AE8185}.Debug|x64.ActiveCfg = Debug|Any CPU
		{86F0F642-B18D-4155-8797-B57FA0AE8185}.Debug|x64.Build.0 = Debug|Any CPU
		{86F0F642-B18D-4155-8797-B57FA0AE8185}.Debug|x86.ActiveCfg = Debug|Any CPU
		{86F0F642-B18D-4155-8797-B57FA0AE8185}.Debug|x86.Build.0 = Debug|Any CPU
		{86F0F642-B18D-4155-8797-B57FA0AE8185}.Release|Any CPU.ActiveCfg = Release|Any CPU
		{86F0F642-B18D-4155-8797-B57FA0AE8185}.Release|Any CPU.Build.0 = Release|Any CPU
		{86F0F642-B18D-4155-8797-B57FA0AE8185}.Release|x64.ActiveCfg = Release|Any CPU
		{86F0F642-B18D-4155-8797-B57FA0AE8185}.Release|x64.Build.0 = Release|Any CPU
		{86F0F642-B18D-4155-8797-B57FA0AE8185}.Release|x86.ActiveCfg = Release|Any CPU
		{86F0F642-B18D-4155-8797-B57FA0AE8185}.Release|x86.Build.0 = Release|Any CPU
		{3B99FBBD-54E8-47BA-9712-F719AB3211D0}.Debug|Any CPU.ActiveCfg = Debug|Any CPU
		{3B99FBBD-54E8-47BA-9712-F719AB3211D0}.Debug|Any CPU.Build.0 = Debug|Any CPU
		{3B99FBBD-54E8-47BA-9712-F719AB3211D0}.Debug|x64.ActiveCfg = Debug|Any CPU
		{3B99FBBD-54E8-47BA-9712-F719AB3211D0}.Debug|x64.Build.0 = Debug|Any CPU
		{3B99FBBD-54E8-47BA-9712-F719AB3211D0}.Debug|x86.ActiveCfg = Debug|Any CPU
		{3B99FBBD-54E8-47BA-9712-F719AB3211D0}.Debug|x86.Build.0 = Debug|Any CPU
		{3B99FBBD-54E8-47BA-9712-F719AB3211D0}.Release|Any CPU.ActiveCfg = Release|Any CPU
		{3B99FBBD-54E8-47BA-9712-F719AB3211D0}.Release|Any CPU.Build.0 = Release|Any CPU
		{3B99FBBD-54E8-47BA-9712-F719AB3211D0}.Release|x64.ActiveCfg = Release|Any CPU
		{3B99FBBD-54E8-47BA-9712-F719AB3211D0}.Release|x64.Build.0 = Release|Any CPU
		{3B99FBBD-54E8-47BA-9712-F719AB3211D0}.Release|x86.ActiveCfg = Release|Any CPU
		{3B99FBBD-54E8-47BA-9712-F719AB3211D0}.Release|x86.Build.0 = Release|Any CPU
		{B0927EBB-4FC1-4F36-A0DA-FA199684DCD3}.Debug|Any CPU.ActiveCfg = Debug|Any CPU
		{B0927EBB-4FC1-4F36-A0DA-FA199684DCD3}.Debug|Any CPU.Build.0 = Debug|Any CPU
		{B0927EBB-4FC1-4F36-A0DA-FA199684DCD3}.Debug|x64.ActiveCfg = Debug|Any CPU
		{B0927EBB-4FC1-4F36-A0DA-FA199684DCD3}.Debug|x64.Build.0 = Debug|Any CPU
		{B0927EBB-4FC1-4F36-A0DA-FA199684DCD3}.Debug|x86.ActiveCfg = Debug|Any CPU
		{B0927EBB-4FC1-4F36-A0DA-FA199684DCD3}.Debug|x86.Build.0 = Debug|Any CPU
		{B0927EBB-4FC1-4F36-A0DA-FA199684DCD3}.Release|Any CPU.ActiveCfg = Release|Any CPU
		{B0927EBB-4FC1-4F36-A0DA-FA199684DCD3}.Release|Any CPU.Build.0 = Release|Any CPU
		{B0927EBB-4FC1-4F36-A0DA-FA199684DCD3}.Release|x64.ActiveCfg = Release|Any CPU
		{B0927EBB-4FC1-4F36-A0DA-FA199684DCD3}.Release|x64.Build.0 = Release|Any CPU
		{B0927EBB-4FC1-4F36-A0DA-FA199684DCD3}.Release|x86.ActiveCfg = Release|Any CPU
		{B0927EBB-4FC1-4F36-A0DA-FA199684DCD3}.Release|x86.Build.0 = Release|Any CPU
		{29C4BC19-CF93-4B7A-A390-CA031E71060A}.Debug|Any CPU.ActiveCfg = Debug|Any CPU
		{29C4BC19-CF93-4B7A-A390-CA031E71060A}.Debug|Any CPU.Build.0 = Debug|Any CPU
		{29C4BC19-CF93-4B7A-A390-CA031E71060A}.Debug|x64.ActiveCfg = Debug|Any CPU
		{29C4BC19-CF93-4B7A-A390-CA031E71060A}.Debug|x64.Build.0 = Debug|Any CPU
		{29C4BC19-CF93-4B7A-A390-CA031E71060A}.Debug|x86.ActiveCfg = Debug|Any CPU
		{29C4BC19-CF93-4B7A-A390-CA031E71060A}.Debug|x86.Build.0 = Debug|Any CPU
		{29C4BC19-CF93-4B7A-A390-CA031E71060A}.Release|Any CPU.ActiveCfg = Release|Any CPU
		{29C4BC19-CF93-4B7A-A390-CA031E71060A}.Release|Any CPU.Build.0 = Release|Any CPU
		{29C4BC19-CF93-4B7A-A390-CA031E71060A}.Release|x64.ActiveCfg = Release|Any CPU
		{29C4BC19-CF93-4B7A-A390-CA031E71060A}.Release|x64.Build.0 = Release|Any CPU
		{29C4BC19-CF93-4B7A-A390-CA031E71060A}.Release|x86.ActiveCfg = Release|Any CPU
		{29C4BC19-CF93-4B7A-A390-CA031E71060A}.Release|x86.Build.0 = Release|Any CPU
	EndGlobalSection
	GlobalSection(SolutionProperties) = preSolution
		HideSolutionNode = FALSE
	EndGlobalSection
EndGlobal
